
Microsoft Visual Studio Solution File, Format Version 12.00
# Visual Studio Version 16
VisualStudioVersion = 16.0.31729.503
MinimumVisualStudioVersion = 10.0.40219.1
Project("{9A19103F-16F7-4668-BE54-9A1E7A4F7556}") = "Onboadr-bank-API", "onboadr-bank\Onboadr-bank-API.csproj", "{F3711941-27E0-4BAF-AF8F-1BC86CDF3252}"
EndProject
Project("{9A19103F-16F7-4668-BE54-9A1E7A4F7556}") = "Onboardr.Domain", "Onboardr.Domain\Onboardr.Domain.csproj", "{65FD625E-6ABA-43E1-8409-2083942012B3}"
EndProject
Project("{9A19103F-16F7-4668-BE54-9A1E7A4F7556}") = "Onboadr.Infrastructure", "Onboadr.Infrastructure\Onboadr.Infrastructure.csproj", "{7398B24B-0359-4F92-B587-3E7A8596F21E}"
EndProject
Global
	GlobalSection(SolutionConfigurationPlatforms) = preSolution
		Debug|Any CPU = Debug|Any CPU
		Release|Any CPU = Release|Any CPU
	EndGlobalSection
	GlobalSection(ProjectConfigurationPlatforms) = postSolution
		{F3711941-27E0-4BAF-AF8F-1BC86CDF3252}.Debug|Any CPU.ActiveCfg = Debug|Any CPU
		{F3711941-27E0-4BAF-AF8F-1BC86CDF3252}.Debug|Any CPU.Build.0 = Debug|Any CPU
		{F3711941-27E0-4BAF-AF8F-1BC86CDF3252}.Release|Any CPU.ActiveCfg = Release|Any CPU
		{F3711941-27E0-4BAF-AF8F-1BC86CDF3252}.Release|Any CPU.Build.0 = Release|Any CPU
		{65FD625E-6ABA-43E1-8409-2083942012B3}.Debug|Any CPU.ActiveCfg = Debug|Any CPU
		{65FD625E-6ABA-43E1-8409-2083942012B3}.Debug|Any CPU.Build.0 = Debug|Any CPU
		{65FD625E-6ABA-43E1-8409-2083942012B3}.Release|Any CPU.ActiveCfg = Release|Any CPU
		{65FD625E-6ABA-43E1-8409-2083942012B3}.Release|Any CPU.Build.0 = Release|Any CPU
		{7398B24B-0359-4F92-B587-3E7A8596F21E}.Debug|Any CPU.ActiveCfg = Debug|Any CPU
		{7398B24B-0359-4F92-B587-3E7A8596F21E}.Debug|Any CPU.Build.0 = Debug|Any CPU
		{7398B24B-0359-4F92-B587-3E7A8596F21E}.Release|Any CPU.ActiveCfg = Release|Any CPU
		{7398B24B-0359-4F92-B587-3E7A8596F21E}.Release|Any CPU.Build.0 = Release|Any CPU
	EndGlobalSection
	GlobalSection(SolutionProperties) = preSolution
		HideSolutionNode = FALSE
	EndGlobalSection
	GlobalSection(ExtensibilityGlobals) = postSolution
		SolutionGuid = {2022E574-429C-4987-9284-760B8D9DC171}
	EndGlobalSection
EndGlobal
